
Microsoft Visual Studio Solution File, Format Version 12.00
# Visual Studio Version 18
VisualStudioVersion = 18.2.11430.68 d18.0
MinimumVisualStudioVersion = 10.0.40219.1
Project("{FAE04EC0-301F-11D3-BF4B-00C04F79EFBC}") = "Api", "Api\Api.csproj", "{D22E2233-AB1C-480F-93E9-31BAD492E7CC}"
EndProject
Project("{FAE04EC0-301F-11D3-BF4B-00C04F79EFBC}") = "Tests", "Tests\Tests.csproj", "{0ED5318B-3DF2-4294-B9C2-E1D2660D7E80}"
EndProject
Project("{2150E333-8FDC-42A3-9474-1A3956D46DE8}") = "src", "src", "{417A9293-72D9-4522-846C-BCF667E9FA63}"
EndProject
Project("{2150E333-8FDC-42A3-9474-1A3956D46DE8}") = "test", "test", "{91984DAF-7CB7-49B1-9EFD-A04F5415FE46}"
EndProject
Project("{FAE04EC0-301F-11D3-BF4B-00C04F79EFBC}") = "Domain", "Domain\Domain.csproj", "{F2AD97D8-59E0-41AF-A864-9C85FC2BA926}"
EndProject
Project("{FAE04EC0-301F-11D3-BF4B-00C04F79EFBC}") = "Application", "Application\Application.csproj", "{AC7683D5-E955-49D3-ABE5-2B3A0D04653B}"
EndProject
Project("{FAE04EC0-301F-11D3-BF4B-00C04F79EFBC}") = "DataAccess", "DataAccess\DataAccess.csproj", "{C7D79998-20FD-4AA3-A8A2-58B6A348D678}"
EndProject
Project("{FAE04EC0-301F-11D3-BF4B-00C04F79EFBC}") = "Infrastructure", "Infrastructure\Infrastructure.csproj", "{360FDE08-E54C-4612-974D-4CC4A19D1199}"
EndProject
Project("{FAE04EC0-301F-11D3-BF4B-00C04F79EFBC}") = "Shared", "Shared\Shared.csproj", "{A0A5965F-D0BC-4BD8-B895-22BF082AE4D7}"
EndProject
Global
	GlobalSection(SolutionConfigurationPlatforms) = preSolution
		Debug|Any CPU = Debug|Any CPU
		Debug|x64 = Debug|x64
		Debug|x86 = Debug|x86
		Release|Any CPU = Release|Any CPU
		Release|x64 = Release|x64
		Release|x86 = Release|x86
	EndGlobalSection
	GlobalSection(ProjectConfigurationPlatforms) = postSolution
		{D22E2233-AB1C-480F-93E9-31BAD492E7CC}.Debug|Any CPU.ActiveCfg = Debug|Any CPU
		{D22E2233-AB1C-480F-93E9-31BAD492E7CC}.Debug|Any CPU.Build.0 = Debug|Any CPU
		{D22E2233-AB1C-480F-93E9-31BAD492E7CC}.Debug|x64.ActiveCfg = Debug|Any CPU
		{D22E2233-AB1C-480F-93E9-31BAD492E7CC}.Debug|x64.Build.0 = Debug|Any CPU
		{D22E2233-AB1C-480F-93E9-31BAD492E7CC}.Debug|x86.ActiveCfg = Debug|Any CPU
		{D22E2233-AB1C-480F-93E9-31BAD492E7CC}.Debug|x86.Build.0 = Debug|Any CPU
		{D22E2233-AB1C-480F-93E9-31BAD492E7CC}.Release|Any CPU.ActiveCfg = Release|Any CPU
		{D22E2233-AB1C-480F-93E9-31BAD492E7CC}.Release|Any CPU.Build.0 = Release|Any CPU
		{D22E2233-AB1C-480F-93E9-31BAD492E7CC}.Release|x64.ActiveCfg = Release|Any CPU
		{D22E2233-AB1C-480F-93E9-31BAD492E7CC}.Release|x64.Build.0 = Release|Any CPU
		{D22E2233-AB1C-480F-93E9-31BAD492E7CC}.Release|x86.ActiveCfg = Release|Any CPU
		{D22E2233-AB1C-480F-93E9-31BAD492E7CC}.Release|x86.Build.0 = Release|Any CPU
		{0ED5318B-3DF2-4294-B9C2-E1D2660D7E80}.Debug|Any CPU.ActiveCfg = Debug|Any CPU
		{0ED5318B-3DF2-4294-B9C2-E1D2660D7E80}.Debug|Any CPU.Build.0 = Debug|Any CPU
		{0ED5318B-3DF2-4294-B9C2-E1D2660D7E80}.Debug|x64.ActiveCfg = Debug|Any CPU
		{0ED5318B-3DF2-4294-B9C2-E1D2660D7E80}.Debug|x64.Build.0 = Debug|Any CPU
		{0ED5318B-3DF2-4294-B9C2-E1D2660D7E80}.Debug|x86.ActiveCfg = Debug|Any CPU
		{0ED5318B-3DF2-4294-B9C2-E1D2660D7E80}.Debug|x86.Build.0 = Debug|Any CPU
		{0ED5318B-3DF2-4294-B9C2-E1D2660D7E80}.Release|Any CPU.ActiveCfg = Release|Any CPU
		{0ED5318B-3DF2-4294-B9C2-E1D2660D7E80}.Release|Any CPU.Build.0 = Release|Any CPU
		{0ED5318B-3DF2-4294-B9C2-E1D2660D7E80}.Release|x64.ActiveCfg = Release|Any CPU
		{0ED5318B-3DF2-4294-B9C2-E1D2660D7E80}.Release|x64.Build.0 = Release|Any CPU
		{0ED5318B-3DF2-4294-B9C2-E1D2660D7E80}.Release|x86.ActiveCfg = Release|Any CPU
		{0ED5318B-3DF2-4294-B9C2-E1D2660D7E80}.Release|x86.Build.0 = Release|Any CPU
		{F2AD97D8-59E0-41AF-A864-9C85FC2BA926}.Debug|Any CPU.ActiveCfg = Debug|Any CPU
		{F2AD97D8-59E0-41AF-A864-9C85FC2BA926}.Debug|Any CPU.Build.0 = Debug|Any CPU
		{F2AD97D8-59E0-41AF-A864-9C85FC2BA926}.Debug|x64.ActiveCfg = Debug|Any CPU
		{F2AD97D8-59E0-41AF-A864-9C85FC2BA926}.Debug|x64.Build.0 = Debug|Any CPU
		{F2AD97D8-59E0-41AF-A864-9C85FC2BA926}.Debug|x86.ActiveCfg = Debug|Any CPU
		{F2AD97D8-59E0-41AF-A864-9C85FC2BA926}.Debug|x86.Build.0 = Debug|Any CPU
		{F2AD97D8-59E0-41AF-A864-9C85FC2BA926}.Release|Any CPU.ActiveCfg = Release|Any CPU
		{F2AD97D8-59E0-41AF-A864-9C85FC2BA926}.Release|Any CPU.Build.0 = Release|Any CPU
		{F2AD97D8-59E0-41AF-A864-9C85FC2BA926}.Release|x64.ActiveCfg = Release|Any CPU
		{F2AD97D8-59E0-41AF-A864-9C85FC2BA926}.Release|x64.Build.0 = Release|Any CPU
		{F2AD97D8-59E0-41AF-A864-9C85FC2BA926}.Release|x86.ActiveCfg = Release|Any CPU
		{F2AD97D8-59E0-41AF-A864-9C85FC2BA926}.Release|x86.Build.0 = Release|Any CPU
		{AC7683D5-E955-49D3-ABE5-2B3A0D04653B}.Debug|Any CPU.ActiveCfg = Debug|Any CPU
		{AC7683D5-E955-49D3-ABE5-2B3A0D04653B}.Debug|Any CPU.Build.0 = Debug|Any CPU
		{AC7683D5-E955-49D3-ABE5-2B3A0D04653B}.Debug|x64.ActiveCfg = Debug|Any CPU
		{AC7683D5-E955-49D3-ABE5-2B3A0D04653B}.Debug|x64.Build.0 = Debug|Any CPU
		{AC7683D5-E955-49D3-ABE5-2B3A0D04653B}.Debug|x86.ActiveCfg = Debug|Any CPU
		{AC7683D5-E955-49D3-ABE5-2B3A0D04653B}.Debug|x86.Build.0 = Debug|Any CPU
		{AC7683D5-E955-49D3-ABE5-2B3A0D04653B}.Release|Any CPU.ActiveCfg = Release|Any CPU
		{AC7683D5-E955-49D3-ABE5-2B3A0D04653B}.Release|Any CPU.Build.0 = Release|Any CPU
		{AC7683D5-E955-49D3-ABE5-2B3A0D04653B}.Release|x64.ActiveCfg = Release|Any CPU
		{AC7683D5-E955-49D3-ABE5-2B3A0D04653B}.Release|x64.Build.0 = Release|Any CPU
		{AC7683D5-E955-49D3-ABE5-2B3A0D04653B}.Release|x86.ActiveCfg = Release|Any CPU
		{AC7683D5-E955-49D3-ABE5-2B3A0D04653B}.Release|x86.Build.0 = Release|Any CPU
		{C7D79998-20FD-4AA3-A8A2-58B6A348D678}.Debug|Any CPU.ActiveCfg = Debug|Any CPU
		{C7D79998-20FD-4AA3-A8A2-58B6A348D678}.Debug|Any CPU.Build.0 = Debug|Any CPU
		{C7D79998-20FD-4AA3-A8A2-58B6A348D678}.Debug|x64.ActiveCfg = Debug|Any CPU
		{C7D79998-20FD-4AA3-A8A2-58B6A348D678}.Debug|x64.Build.0 = Debug|Any CPU
		{C7D79998-20FD-4AA3-A8A2-58B6A348D678}.Debug|x86.ActiveCfg = Debug|Any CPU
		{C7D79998-20FD-4AA3-A8A2-58B6A348D678}.Debug|x86.Build.0 = Debug|Any CPU
		{C7D79998-20FD-4AA3-A8A2-58B6A348D678}.Release|Any CPU.ActiveCfg = Release|Any CPU
		{C7D79998-20FD-4AA3-A8A2-58B6A348D678}.Release|Any CPU.Build.0 = Release|Any CPU
		{C7D79998-20FD-4AA3-A8A2-58B6A348D678}.Release|x64.ActiveCfg = Release|Any CPU
		{C7D79998-20FD-4AA3-A8A2-58B6A348D678}.Release|x64.Build.0 = Release|Any CPU
		{C7D79998-20FD-4AA3-A8A2-58B6A348D678}.Release|x86.ActiveCfg = Release|Any CPU
		{C7D79998-20FD-4AA3-A8A2-58B6A348D678}.Release|x86.Build.0 = Release|Any CPU
		{360FDE08-E54C-4612-974D-4CC4A19D1199}.Debug|Any CPU.ActiveCfg = Debug|Any CPU
		{360FDE08-E54C-4612-974D-4CC4A19D1199}.Debug|Any CPU.Build.0 = Debug|Any CPU
		{360FDE08-E54C-4612-974D-4CC4A19D1199}.Debug|x64.ActiveCfg = Debug|Any CPU
		{360FDE08-E54C-4612-974D-4CC4A19D1199}.Debug|x64.Build.0 = Debug|Any CPU
		{360FDE08-E54C-4612-974D-4CC4A19D1199}.Debug|x86.ActiveCfg = Debug|Any CPU
		{360FDE08-E54C-4612-974D-4CC4A19D1199}.Debug|x86.Build.0 = Debug|Any CPU
		{360FDE08-E54C-4612-974D-4CC4A19D1199}.Release|Any CPU.ActiveCfg = Release|Any CPU
		{360FDE08-E54C-4612-974D-4CC4A19D1199}.Release|Any CPU.Build.0 = Release|Any CPU
		{360FDE08-E54C-4612-974D-4CC4A19D1199}.Release|x64.ActiveCfg = Release|Any CPU
		{360FDE08-E54C-4612-974D-4CC4A19D1199}.Release|x64.Build.0 = Release|Any CPU
		{360FDE08-E54C-4612-974D-4CC4A19D1199}.Release|x86.ActiveCfg = Release|Any CPU
		{360FDE08-E54C-4612-974D-4CC4A19D1199}.Release|x86.Build.0 = Release|Any CPU
		{A0A5965F-D0BC-4BD8-B895-22BF082AE4D7}.Debug|Any CPU.ActiveCfg = Debug|Any CPU
		{A0A5965F-D0BC-4BD8-B895-22BF082AE4D7}.Debug|Any CPU.Build.0 = Debug|Any CPU
		{A0A5965F-D0BC-4BD8-B895-22BF082AE4D7}.Debug|x64.ActiveCfg = Debug|Any CPU
		{A0A5965F-D0BC-4BD8-B895-22BF082AE4D7}.Debug|x64.Build.0 = Debug|Any CPU
		{A0A5965F-D0BC-4BD8-B895-22BF082AE4D7}.Debug|x86.ActiveCfg = Debug|Any CPU
		{A0A5965F-D0BC-4BD8-B895-22BF082AE4D7}.Debug|x86.Build.0 = Debug|Any CPU
		{A0A5965F-D0BC-4BD8-B895-22BF082AE4D7}.Release|Any CPU.ActiveCfg = Release|Any CPU
		{A0A5965F-D0BC-4BD8-B895-22BF082AE4D7}.Release|Any CPU.Build.0 = Release|Any CPU
		{A0A5965F-D0BC-4BD8-B895-22BF082AE4D7}.Release|x64.ActiveCfg = Release|Any CPU
		{A0A5965F-D0BC-4BD8-B895-22BF082AE4D7}.Release|x64.Build.0 = Release|Any CPU
		{A0A5965F-D0BC-4BD8-B895-22BF082AE4D7}.Release|x86.ActiveCfg = Release|Any CPU
		{A0A5965F-D0BC-4BD8-B895-22BF082AE4D7}.Release|x86.Build.0 = Release|Any CPU
	EndGlobalSection
	GlobalSection(SolutionProperties) = preSolution
		HideSolutionNode = FALSE
	EndGlobalSection
	GlobalSection(NestedProjects) = preSolution
		{D22E2233-AB1C-480F-93E9-31BAD492E7CC} = {417A9293-72D9-4522-846C-BCF667E9FA63}
		{0ED5318B-3DF2-4294-B9C2-E1D2660D7E80} = {91984DAF-7CB7-49B1-9EFD-A04F5415FE46}
		{F2AD97D8-59E0-41AF-A864-9C85FC2BA926} = {417A9293-72D9-4522-846C-BCF667E9FA63}
		{AC7683D5-E955-49D3-ABE5-2B3A0D04653B} = {417A9293-72D9-4522-846C-BCF667E9FA63}
		{C7D79998-20FD-4AA3-A8A2-58B6A348D678} = {417A9293-72D9-4522-846C-BCF667E9FA63}
		{360FDE08-E54C-4612-974D-4CC4A19D1199} = {417A9293-72D9-4522-846C-BCF667E9FA63}
		{A0A5965F-D0BC-4BD8-B895-22BF082AE4D7} = {417A9293-72D9-4522-846C-BCF667E9FA63}
	EndGlobalSection
	GlobalSection(ExtensibilityGlobals) = postSolution
		SolutionGuid = {E3FCE90F-0D4A-4BF5-9A6F-00E38F3C5F6C}
	EndGlobalSection
EndGlobal
